<?xml version="1.0" encoding="UTF-8" standalone="yes" ?>
<CodeBlocks_project_file>
	<FileVersion major="1" minor="6" />
	<Project>
		<Option title="pluginloader" />
		<Option pch_mode="2" />
		<Option compiler="gcc" />
		<Build>
			<Target title="Debug">
				<Option output="bin\Debug\pluginloader" prefix_auto="1" extension_auto="1" />
				<Option object_output="obj\Debug\" />
				<Option type="3" />
				<Option compiler="gcc" />
				<Option createDefFile="1" />
				<Option createStaticLib="1" />
				<Compiler>
					<Add option="-Wall" />
					<Add option="-DBUILD_DLL" />
					<Add option="-g" />
				</Compiler>
				<Linker>
					<Add library="user32" />
				</Linker>
			</Target>
			<Target title="Release">
				<Option output="bin\Release\pluginloader" prefix_auto="1" extension_auto="1" />
				<Option object_output="obj\Release\" />
				<Option type="3" />
				<Option compiler="gcc" />
				<Option createDefFile="1" />
				<Option createStaticLib="1" />
				<Compiler>
					<Add option="-Wall" />
					<Add option="-DBUILD_DLL" />
					<Add option="-O2" />
				</Compiler>
				<Linker>
					<Add option="-s" />
					<Add library="user32" />
				</Linker>
			</Target>
		</Build>
		<Linker>
			<Add library="Arklib" />
			<Add library="ntdll" />
			<Add directory="..\ArkLib" />
		</Linker>
		<Unit filename="..\ArkLib\src\ArbolBinario.h" />
		<Unit filename="..\ArkLib\src\Binary_heap.h" />
		<Unit filename="..\ArkLib\src\CCrypt.h" />
		<Unit filename="..\ArkLib\src\CThread.h" />
		<Unit filename="..\ArkLib\src\Certificado.h" />
		<Unit filename="..\ArkLib\src\CryptProv.h" />
		<Unit filename="..\ArkLib\src\Crypto32.h" />
		<Unit filename="..\ArkLib\src\Hash.h" />
		<Unit filename="..\ArkLib\src\LoadDLL.h" />
		<Unit filename="..\ArkLib\src\MString.h" />
		<Unit filename="..\ArkLib\src\Network.h" />
		<Unit filename="..\ArkLib\src\Network\HTTP_Client.h" />
		<Unit filename="..\ArkLib\src\Network\NetClient.h" />
		<Unit filename="..\ArkLib\src\Network\NetDaemon.h" />
		<Unit filename="..\ArkLib\src\Network\Network_CInterface.h" />
		<Unit filename="..\ArkLib\src\Network\Network_SInterface.h" />
		<Unit filename="..\ArkLib\src\Network\SSL_TLS.h" />
		<Unit filename="..\ArkLib\src\Network\STUNd.h" />
		<Unit filename="..\ArkLib\src\Network\TCP.h" />
		<Unit filename="..\ArkLib\src\Network\TLSd.h" />
		<Unit filename="..\ArkLib\src\Network\xmpp\Auth.h" />
		<Unit filename="..\ArkLib\src\Network\xmpp\ContactNode.h" />
		<Unit filename="..\ArkLib\src\Network\xmpp\IQ.h" />
		<Unit filename="..\ArkLib\src\Network\xmpp\Pressence.h" />
		<Unit filename="..\ArkLib\src\Network\xmpp\Roster.h" />
		<Unit filename="..\ArkLib\src\Network\xmpp\ServDisco.h" />
		<Unit filename="..\ArkLib\src\Network\xmpp\XCadenas.h" />
		<Unit filename="..\ArkLib\src\Network\xmpp\XMPP_Client.h" />
		<Unit filename="..\ArkLib\src\Network\xmpp\XMPP_Parser.h" />
		<Unit filename="..\ArkLib\src\Network\xmpp\stream.h" />
		<Unit filename="..\ArkLib\src\Process.h" />
		<Unit filename="..\ArkLib\src\RegEx.h" />
		<Unit filename="..\ArkLib\src\XML.h" />
		<Unit filename="..\ArkLib\src\XMPP.h" />
		<Unit filename="..\ArkLib\src\datatypes.h" />
		<Unit filename="..\ArkLib\src\hook.h" />
		<Unit filename="..\ArkLib\src\wstring.h" />
		<Unit filename="Plugin.h" />
		<Unit filename="PluginLoader.cpp" />
		<Unit filename="PluginLoader.h" />
		<Unit filename="main.cpp" />
		<Unit filename="main.h" />
		<Unit filename="rpp.cpp" />
		<Unit filename="rpp.h" />
		<Extensions>
			<code_completion />
			<envvars />
			<debugger />
			<lib_finder disable_auto="1" />
		</Extensions>
	</Project>
</CodeBlocks_project_file>
